// !$*UTF8*$!
{
	archiveVersion = 1;
	classes = {
	};
	objectVersion = 50;
	objects = {

/* Begin PBXBuildFile section */
		65400F14FFD97F77584ECBFC /* Pods_ExchangeRate_ExchangeRateUITests.framework in Frameworks */ = {isa = PBXBuildFile; fileRef = 477657036AEF2EB9884AECB0 /* Pods_ExchangeRate_ExchangeRateUITests.framework */; };
		7600FD7F25AEA36C00CB3265 /* AppDelegate.swift in Sources */ = {isa = PBXBuildFile; fileRef = 7600FD7E25AEA36C00CB3265 /* AppDelegate.swift */; };
		7600FD8125AEA36C00CB3265 /* SceneDelegate.swift in Sources */ = {isa = PBXBuildFile; fileRef = 7600FD8025AEA36C00CB3265 /* SceneDelegate.swift */; };
		7600FD8325AEA36C00CB3265 /* ViewController.swift in Sources */ = {isa = PBXBuildFile; fileRef = 7600FD8225AEA36C00CB3265 /* ViewController.swift */; };
		7600FD8625AEA36C00CB3265 /* Main.storyboard in Resources */ = {isa = PBXBuildFile; fileRef = 7600FD8425AEA36C00CB3265 /* Main.storyboard */; };
		7600FD8825AEA36E00CB3265 /* Assets.xcassets in Resources */ = {isa = PBXBuildFile; fileRef = 7600FD8725AEA36E00CB3265 /* Assets.xcassets */; };
		7600FD8B25AEA36E00CB3265 /* LaunchScreen.storyboard in Resources */ = {isa = PBXBuildFile; fileRef = 7600FD8925AEA36E00CB3265 /* LaunchScreen.storyboard */; };
		7600FD9625AEA36F00CB3265 /* ExchangeRateTests.swift in Sources */ = {isa = PBXBuildFile; fileRef = 7600FD9525AEA36F00CB3265 /* ExchangeRateTests.swift */; };
		7600FDA125AEA36F00CB3265 /* ExchangeRateUITests.swift in Sources */ = {isa = PBXBuildFile; fileRef = 7600FDA025AEA36F00CB3265 /* ExchangeRateUITests.swift */; };
		9BF0B11A2E6BFF798745A23F /* Pods_ExchangeRateTests.framework in Frameworks */ = {isa = PBXBuildFile; fileRef = 08072C9026D7E2F35C630ECE /* Pods_ExchangeRateTests.framework */; };
		AB303172094329629795ADC5 /* Pods_ExchangeRate.framework in Frameworks */ = {isa = PBXBuildFile; fileRef = B0AF6BD08B1C8DE8B09CED56 /* Pods_ExchangeRate.framework */; };
/* End PBXBuildFile section */

/* Begin PBXContainerItemProxy section */
		7600FD9225AEA36F00CB3265 /* PBXContainerItemProxy */ = {
			isa = PBXContainerItemProxy;
			containerPortal = 7600FD7325AEA36C00CB3265 /* Project object */;
			proxyType = 1;
			remoteGlobalIDString = 7600FD7A25AEA36C00CB3265;
			remoteInfo = ExchangeRate;
		};
		7600FD9D25AEA36F00CB3265 /* PBXContainerItemProxy */ = {
			isa = PBXContainerItemProxy;
			containerPortal = 7600FD7325AEA36C00CB3265 /* Project object */;
			proxyType = 1;
			remoteGlobalIDString = 7600FD7A25AEA36C00CB3265;
			remoteInfo = ExchangeRate;
		};
/* End PBXContainerItemProxy section */

/* Begin PBXFileReference section */
		08072C9026D7E2F35C630ECE /* Pods_ExchangeRateTests.framework */ = {isa = PBXFileReference; explicitFileType = wrapper.framework; includeInIndex = 0; path = Pods_ExchangeRateTests.framework; sourceTree = BUILT_PRODUCTS_DIR; };
		477657036AEF2EB9884AECB0 /* Pods_ExchangeRate_ExchangeRateUITests.framework */ = {isa = PBXFileReference; explicitFileType = wrapper.framework; includeInIndex = 0; path = Pods_ExchangeRate_ExchangeRateUITests.framework; sourceTree = BUILT_PRODUCTS_DIR; };
		54C9CB38B523DFA3CFC32E18 /* Pods-ExchangeRateTests.debug.xcconfig */ = {isa = PBXFileReference; includeInIndex = 1; lastKnownFileType = text.xcconfig; name = "Pods-ExchangeRateTests.debug.xcconfig"; path = "Target Support Files/Pods-ExchangeRateTests/Pods-ExchangeRateTests.debug.xcconfig"; sourceTree = "<group>"; };
		7600FD7B25AEA36C00CB3265 /* ExchangeRate.app */ = {isa = PBXFileReference; explicitFileType = wrapper.application; includeInIndex = 0; path = ExchangeRate.app; sourceTree = BUILT_PRODUCTS_DIR; };
		7600FD7E25AEA36C00CB3265 /* AppDelegate.swift */ = {isa = PBXFileReference; lastKnownFileType = sourcecode.swift; path = AppDelegate.swift; sourceTree = "<group>"; };
		7600FD8025AEA36C00CB3265 /* SceneDelegate.swift */ = {isa = PBXFileReference; lastKnownFileType = sourcecode.swift; path = SceneDelegate.swift; sourceTree = "<group>"; };
		7600FD8225AEA36C00CB3265 /* ViewController.swift */ = {isa = PBXFileReference; lastKnownFileType = sourcecode.swift; path = ViewController.swift; sourceTree = "<group>"; };
		7600FD8525AEA36C00CB3265 /* Base */ = {isa = PBXFileReference; lastKnownFileType = file.storyboard; name = Base; path = Base.lproj/Main.storyboard; sourceTree = "<group>"; };
		7600FD8725AEA36E00CB3265 /* Assets.xcassets */ = {isa = PBXFileReference; lastKnownFileType = folder.assetcatalog; path = Assets.xcassets; sourceTree = "<group>"; };
		7600FD8A25AEA36E00CB3265 /* Base */ = {isa = PBXFileReference; lastKnownFileType = file.storyboard; name = Base; path = Base.lproj/LaunchScreen.storyboard; sourceTree = "<group>"; };
		7600FD8C25AEA36E00CB3265 /* Info.plist */ = {isa = PBXFileReference; lastKnownFileType = text.plist.xml; path = Info.plist; sourceTree = "<group>"; };
		7600FD9125AEA36F00CB3265 /* ExchangeRateTests.xctest */ = {isa = PBXFileReference; explicitFileType = wrapper.cfbundle; includeInIndex = 0; path = ExchangeRateTests.xctest; sourceTree = BUILT_PRODUCTS_DIR; };
		7600FD9525AEA36F00CB3265 /* ExchangeRateTests.swift */ = {isa = PBXFileReference; lastKnownFileType = sourcecode.swift; path = ExchangeRateTests.swift; sourceTree = "<group>"; };
		7600FD9725AEA36F00CB3265 /* Info.plist */ = {isa = PBXFileReference; lastKnownFileType = text.plist.xml; path = Info.plist; sourceTree = "<group>"; };
		7600FD9C25AEA36F00CB3265 /* ExchangeRateUITests.xctest */ = {isa = PBXFileReference; explicitFileType = wrapper.cfbundle; includeInIndex = 0; path = ExchangeRateUITests.xctest; sourceTree = BUILT_PRODUCTS_DIR; };
		7600FDA025AEA36F00CB3265 /* ExchangeRateUITests.swift */ = {isa = PBXFileReference; lastKnownFileType = sourcecode.swift; path = ExchangeRateUITests.swift; sourceTree = "<group>"; };
		7600FDA225AEA36F00CB3265 /* Info.plist */ = {isa = PBXFileReference; lastKnownFileType = text.plist.xml; path = Info.plist; sourceTree = "<group>"; };
		7BD9AA2F471668A7F1DB15FC /* Pods-ExchangeRateTests.release.xcconfig */ = {isa = PBXFileReference; includeInIndex = 1; lastKnownFileType = text.xcconfig; name = "Pods-ExchangeRateTests.release.xcconfig"; path = "Target Support Files/Pods-ExchangeRateTests/Pods-ExchangeRateTests.release.xcconfig"; sourceTree = "<group>"; };
		87D510D634FF214CA1D9EFAD /* Pods-ExchangeRate-ExchangeRateUITests.debug.xcconfig */ = {isa = PBXFileReference; includeInIndex = 1; lastKnownFileType = text.xcconfig; name = "Pods-ExchangeRate-ExchangeRateUITests.debug.xcconfig"; path = "Target Support Files/Pods-ExchangeRate-ExchangeRateUITests/Pods-ExchangeRate-ExchangeRateUITests.debug.xcconfig"; sourceTree = "<group>"; };
		B0AF6BD08B1C8DE8B09CED56 /* Pods_ExchangeRate.framework */ = {isa = PBXFileReference; explicitFileType = wrapper.framework; includeInIndex = 0; path = Pods_ExchangeRate.framework; sourceTree = BUILT_PRODUCTS_DIR; };
		BDC4CB16B61AC94B487848FD /* Pods-ExchangeRate.release.xcconfig */ = {isa = PBXFileReference; includeInIndex = 1; lastKnownFileType = text.xcconfig; name = "Pods-ExchangeRate.release.xcconfig"; path = "Target Support Files/Pods-ExchangeRate/Pods-ExchangeRate.release.xcconfig"; sourceTree = "<group>"; };
		D1F5F17C6AF22CA6D70D4845 /* Pods-ExchangeRate.debug.xcconfig */ = {isa = PBXFileReference; includeInIndex = 1; lastKnownFileType = text.xcconfig; name = "Pods-ExchangeRate.debug.xcconfig"; path = "Target Support Files/Pods-ExchangeRate/Pods-ExchangeRate.debug.xcconfig"; sourceTree = "<group>"; };
		F20468FB6EBA381EDB24C8A2 /* Pods-ExchangeRate-ExchangeRateUITests.release.xcconfig */ = {isa = PBXFileReference; includeInIndex = 1; lastKnownFileType = text.xcconfig; name = "Pods-ExchangeRate-ExchangeRateUITests.release.xcconfig"; path = "Target Support Files/Pods-ExchangeRate-ExchangeRateUITests/Pods-ExchangeRate-ExchangeRateUITests.release.xcconfig"; sourceTree = "<group>"; };
/* End PBXFileReference section */

/* Begin PBXFrameworksBuildPhase section */
		7600FD7825AEA36C00CB3265 /* Frameworks */ = {
			isa = PBXFrameworksBuildPhase;
			buildActionMask = 2147483647;
			files = (
				AB303172094329629795ADC5 /* Pods_ExchangeRate.framework in Frameworks */,
			);
			runOnlyForDeploymentPostprocessing = 0;
		};
		7600FD8E25AEA36F00CB3265 /* Frameworks */ = {
			isa = PBXFrameworksBuildPhase;
			buildActionMask = 2147483647;
			files = (
				9BF0B11A2E6BFF798745A23F /* Pods_ExchangeRateTests.framework in Frameworks */,
			);
			runOnlyForDeploymentPostprocessing = 0;
		};
		7600FD9925AEA36F00CB3265 /* Frameworks */ = {
			isa = PBXFrameworksBuildPhase;
			buildActionMask = 2147483647;
			files = (
				65400F14FFD97F77584ECBFC /* Pods_ExchangeRate_ExchangeRateUITests.framework in Frameworks */,
			);
			runOnlyForDeploymentPostprocessing = 0;
		};
/* End PBXFrameworksBuildPhase section */

/* Begin PBXGroup section */
		7600FD7225AEA36C00CB3265 = {
			isa = PBXGroup;
			children = (
				7600FD7D25AEA36C00CB3265 /* ExchangeRate */,
				7600FD9425AEA36F00CB3265 /* ExchangeRateTests */,
				7600FD9F25AEA36F00CB3265 /* ExchangeRateUITests */,
				7600FD7C25AEA36C00CB3265 /* Products */,
				872A60DCDAE016B5494E29A0 /* Pods */,
				EAC03B64B19938175CEA456E /* Frameworks */,
			);
			sourceTree = "<group>";
		};
		7600FD7C25AEA36C00CB3265 /* Products */ = {
			isa = PBXGroup;
			children = (
				7600FD7B25AEA36C00CB3265 /* ExchangeRate.app */,
				7600FD9125AEA36F00CB3265 /* ExchangeRateTests.xctest */,
				7600FD9C25AEA36F00CB3265 /* ExchangeRateUITests.xctest */,
			);
			name = Products;
			sourceTree = "<group>";
		};
		7600FD7D25AEA36C00CB3265 /* ExchangeRate */ = {
			isa = PBXGroup;
			children = (
				7600FD7E25AEA36C00CB3265 /* AppDelegate.swift */,
				7600FD8025AEA36C00CB3265 /* SceneDelegate.swift */,
				7600FD8225AEA36C00CB3265 /* ViewController.swift */,
				7600FD8425AEA36C00CB3265 /* Main.storyboard */,
				7600FD8725AEA36E00CB3265 /* Assets.xcassets */,
				7600FD8925AEA36E00CB3265 /* LaunchScreen.storyboard */,
				7600FD8C25AEA36E00CB3265 /* Info.plist */,
			);
			path = ExchangeRate;
			sourceTree = "<group>";
		};
		7600FD9425AEA36F00CB3265 /* ExchangeRateTests */ = {
			isa = PBXGroup;
			children = (
				7600FD9525AEA36F00CB3265 /* ExchangeRateTests.swift */,
				7600FD9725AEA36F00CB3265 /* Info.plist */,
			);
			path = ExchangeRateTests;
			sourceTree = "<group>";
		};
		7600FD9F25AEA36F00CB3265 /* ExchangeRateUITests */ = {
			isa = PBXGroup;
			children = (
				7600FDA025AEA36F00CB3265 /* ExchangeRateUITests.swift */,
				7600FDA225AEA36F00CB3265 /* Info.plist */,
			);
			path = ExchangeRateUITests;
			sourceTree = "<group>";
		};
		872A60DCDAE016B5494E29A0 /* Pods */ = {
			isa = PBXGroup;
			children = (
				D1F5F17C6AF22CA6D70D4845 /* Pods-ExchangeRate.debug.xcconfig */,
				BDC4CB16B61AC94B487848FD /* Pods-ExchangeRate.release.xcconfig */,
				87D510D634FF214CA1D9EFAD /* Pods-ExchangeRate-ExchangeRateUITests.debug.xcconfig */,
				F20468FB6EBA381EDB24C8A2 /* Pods-ExchangeRate-ExchangeRateUITests.release.xcconfig */,
				54C9CB38B523DFA3CFC32E18 /* Pods-ExchangeRateTests.debug.xcconfig */,
				7BD9AA2F471668A7F1DB15FC /* Pods-ExchangeRateTests.release.xcconfig */,
			);
			name = Pods;
			path = Pods;
			sourceTree = "<group>";
		};
		EAC03B64B19938175CEA456E /* Frameworks */ = {
			isa = PBXGroup;
			children = (
				B0AF6BD08B1C8DE8B09CED56 /* Pods_ExchangeRate.framework */,
				477657036AEF2EB9884AECB0 /* Pods_ExchangeRate_ExchangeRateUITests.framework */,
				08072C9026D7E2F35C630ECE /* Pods_ExchangeRateTests.framework */,
			);
			name = Frameworks;
			sourceTree = "<group>";
		};
/* End PBXGroup section */

/* Begin PBXNativeTarget section */
		7600FD7A25AEA36C00CB3265 /* ExchangeRate */ = {
			isa = PBXNativeTarget;
			buildConfigurationList = 7600FDA525AEA36F00CB3265 /* Build configuration list for PBXNativeTarget "ExchangeRate" */;
			buildPhases = (
				9D12DFE337A00273FF7CCB41 /* [CP] Check Pods Manifest.lock */,
				7600FD7725AEA36C00CB3265 /* Sources */,
				7600FD7825AEA36C00CB3265 /* Frameworks */,
				7600FD7925AEA36C00CB3265 /* Resources */,
				5EF78163B9AB815F77478EB9 /* [CP] Embed Pods Frameworks */,
			);
			buildRules = (
			);
			dependencies = (
			);
			name = ExchangeRate;
			productName = ExchangeRate;
			productReference = 7600FD7B25AEA36C00CB3265 /* ExchangeRate.app */;
			productType = "com.apple.product-type.application";
		};
		7600FD9025AEA36F00CB3265 /* ExchangeRateTests */ = {
			isa = PBXNativeTarget;
			buildConfigurationList = 7600FDA825AEA36F00CB3265 /* Build configuration list for PBXNativeTarget "ExchangeRateTests" */;
			buildPhases = (
				59CABD4B1261165E95758987 /* [CP] Check Pods Manifest.lock */,
				7600FD8D25AEA36F00CB3265 /* Sources */,
				7600FD8E25AEA36F00CB3265 /* Frameworks */,
				7600FD8F25AEA36F00CB3265 /* Resources */,
			);
			buildRules = (
			);
			dependencies = (
				7600FD9325AEA36F00CB3265 /* PBXTargetDependency */,
			);
			name = ExchangeRateTests;
			productName = ExchangeRateTests;
			productReference = 7600FD9125AEA36F00CB3265 /* ExchangeRateTests.xctest */;
			productType = "com.apple.product-type.bundle.unit-test";
		};
		7600FD9B25AEA36F00CB3265 /* ExchangeRateUITests */ = {
			isa = PBXNativeTarget;
			buildConfigurationList = 7600FDAB25AEA36F00CB3265 /* Build configuration list for PBXNativeTarget "ExchangeRateUITests" */;
			buildPhases = (
				3A262C90B61214FC85B5C264 /* [CP] Check Pods Manifest.lock */,
				7600FD9825AEA36F00CB3265 /* Sources */,
				7600FD9925AEA36F00CB3265 /* Frameworks */,
				7600FD9A25AEA36F00CB3265 /* Resources */,
				751A910A606A966AEC0C41B2 /* [CP] Embed Pods Frameworks */,
			);
			buildRules = (
			);
			dependencies = (
				7600FD9E25AEA36F00CB3265 /* PBXTargetDependency */,
			);
			name = ExchangeRateUITests;
			productName = ExchangeRateUITests;
			productReference = 7600FD9C25AEA36F00CB3265 /* ExchangeRateUITests.xctest */;
			productType = "com.apple.product-type.bundle.ui-testing";
		};
/* End PBXNativeTarget section */

/* Begin PBXProject section */
		7600FD7325AEA36C00CB3265 /* Project object */ = {
			isa = PBXProject;
			attributes = {
				LastSwiftUpdateCheck = 1230;
				LastUpgradeCheck = 1230;
				TargetAttributes = {
					7600FD7A25AEA36C00CB3265 = {
						CreatedOnToolsVersion = 12.3;
					};
					7600FD9025AEA36F00CB3265 = {
						CreatedOnToolsVersion = 12.3;
						TestTargetID = 7600FD7A25AEA36C00CB3265;
					};
					7600FD9B25AEA36F00CB3265 = {
						CreatedOnToolsVersion = 12.3;
						TestTargetID = 7600FD7A25AEA36C00CB3265;
					};
				};
			};
			buildConfigurationList = 7600FD7625AEA36C00CB3265 /* Build configuration list for PBXProject "ExchangeRate" */;
			compatibilityVersion = "Xcode 9.3";
			developmentRegion = en;
			hasScannedForEncodings = 0;
			knownRegions = (
				en,
				Base,
			);
			mainGroup = 7600FD7225AEA36C00CB3265;
			productRefGroup = 7600FD7C25AEA36C00CB3265 /* Products */;
			projectDirPath = "";
			projectRoot = "";
			targets = (
				7600FD7A25AEA36C00CB3265 /* ExchangeRate */,
				7600FD9025AEA36F00CB3265 /* ExchangeRateTests */,
				7600FD9B25AEA36F00CB3265 /* ExchangeRateUITests */,
			);
		};
/* End PBXProject section */

/* Begin PBXResourcesBuildPhase section */
		7600FD7925AEA36C00CB3265 /* Resources */ = {
			isa = PBXResourcesBuildPhase;
			buildActionMask = 2147483647;
			files = (
				7600FD8B25AEA36E00CB3265 /* LaunchScreen.storyboard in Resources */,
				7600FD8825AEA36E00CB3265 /* Assets.xcassets in Resources */,
				7600FD8625AEA36C00CB3265 /* Main.storyboard in Resources */,
			);
			runOnlyForDeploymentPostprocessing = 0;
		};
		7600FD8F25AEA36F00CB3265 /* Resources */ = {
			isa = PBXResourcesBuildPhase;
			buildActionMask = 2147483647;
			files = (
			);
			runOnlyForDeploymentPostprocessing = 0;
		};
		7600FD9A25AEA36F00CB3265 /* Resources */ = {
			isa = PBXResourcesBuildPhase;
			buildActionMask = 2147483647;
			files = (
			);
			runOnlyForDeploymentPostprocessing = 0;
		};
/* End PBXResourcesBuildPhase section */

/* Begin PBXShellScriptBuildPhase section */
		3A262C90B61214FC85B5C264 /* [CP] Check Pods Manifest.lock */ = {
			isa = PBXShellScriptBuildPhase;
			buildActionMask = 2147483647;
			files = (
			);
			inputFileListPaths = (
			);
			inputPaths = (
				"${PODS_PODFILE_DIR_PATH}/Podfile.lock",
				"${PODS_ROOT}/Manifest.lock",
			);
			name = "[CP] Check Pods Manifest.lock";
			outputFileListPaths = (
			);
			outputPaths = (
				"$(DERIVED_FILE_DIR)/Pods-ExchangeRate-ExchangeRateUITests-checkManifestLockResult.txt",
			);
			runOnlyForDeploymentPostprocessing = 0;
			shellPath = /bin/sh;
			shellScript = "diff \"${PODS_PODFILE_DIR_PATH}/Podfile.lock\" \"${PODS_ROOT}/Manifest.lock\" > /dev/null\nif [ $? != 0 ] ; then\n    # print error to STDERR\n    echo \"error: The sandbox is not in sync with the Podfile.lock. Run 'pod install' or update your CocoaPods installation.\" >&2\n    exit 1\nfi\n# This output is used by Xcode 'outputs' to avoid re-running this script phase.\necho \"SUCCESS\" > \"${SCRIPT_OUTPUT_FILE_0}\"\n";
			showEnvVarsInLog = 0;
		};
		59CABD4B1261165E95758987 /* [CP] Check Pods Manifest.lock */ = {
			isa = PBXShellScriptBuildPhase;
			buildActionMask = 2147483647;
			files = (
			);
			inputFileListPaths = (
			);
			inputPaths = (
				"${PODS_PODFILE_DIR_PATH}/Podfile.lock",
				"${PODS_ROOT}/Manifest.lock",
			);
			name = "[CP] Check Pods Manifest.lock";
			outputFileListPaths = (
			);
			outputPaths = (
				"$(DERIVED_FILE_DIR)/Pods-ExchangeRateTests-checkManifestLockResult.txt",
			);
			runOnlyForDeploymentPostprocessing = 0;
			shellPath = /bin/sh;
			shellScript = "diff \"${PODS_PODFILE_DIR_PATH}/Podfile.lock\" \"${PODS_ROOT}/Manifest.lock\" > /dev/null\nif [ $? != 0 ] ; then\n    # print error to STDERR\n    echo \"error: The sandbox is not in sync with the Podfile.lock. Run 'pod install' or update your CocoaPods installation.\" >&2\n    exit 1\nfi\n# This output is used by Xcode 'outputs' to avoid re-running this script phase.\necho \"SUCCESS\" > \"${SCRIPT_OUTPUT_FILE_0}\"\n";
			showEnvVarsInLog = 0;
		};
		5EF78163B9AB815F77478EB9 /* [CP] Embed Pods Frameworks */ = {
			isa = PBXShellScriptBuildPhase;
			buildActionMask = 2147483647;
			files = (
			);
			inputFileListPaths = (
				"${PODS_ROOT}/Target Support Files/Pods-ExchangeRate/Pods-ExchangeRate-frameworks-${CONFIGURATION}-input-files.xcfilelist",
			);
			name = "[CP] Embed Pods Frameworks";
			outputFileListPaths = (
				"${PODS_ROOT}/Target Support Files/Pods-ExchangeRate/Pods-ExchangeRate-frameworks-${CONFIGURATION}-output-files.xcfilelist",
			);
			runOnlyForDeploymentPostprocessing = 0;
			shellPath = /bin/sh;
			shellScript = "\"${PODS_ROOT}/Target Support Files/Pods-ExchangeRate/Pods-ExchangeRate-frameworks.sh\"\n";
			showEnvVarsInLog = 0;
		};
		751A910A606A966AEC0C41B2 /* [CP] Embed Pods Frameworks */ = {
			isa = PBXShellScriptBuildPhase;
			buildActionMask = 2147483647;
			files = (
			);
			inputFileListPaths = (
				"${PODS_ROOT}/Target Support Files/Pods-ExchangeRate-ExchangeRateUITests/Pods-ExchangeRate-ExchangeRateUITests-frameworks-${CONFIGURATION}-input-files.xcfilelist",
			);
			name = "[CP] Embed Pods Frameworks";
			outputFileListPaths = (
				"${PODS_ROOT}/Target Support Files/Pods-ExchangeRate-ExchangeRateUITests/Pods-ExchangeRate-ExchangeRateUITests-frameworks-${CONFIGURATION}-output-files.xcfilelist",
			);
			runOnlyForDeploymentPostprocessing = 0;
			shellPath = /bin/sh;
			shellScript = "\"${PODS_ROOT}/Target Support Files/Pods-ExchangeRate-ExchangeRateUITests/Pods-ExchangeRate-ExchangeRateUITests-frameworks.sh\"\n";
			showEnvVarsInLog = 0;
		};
		9D12DFE337A00273FF7CCB41 /* [CP] Check Pods Manifest.lock */ = {
			isa = PBXShellScriptBuildPhase;
			buildActionMask = 2147483647;
			files = (
			);
			inputFileListPaths = (
			);
			inputPaths = (
				"${PODS_PODFILE_DIR_PATH}/Podfile.lock",
				"${PODS_ROOT}/Manifest.lock",
			);
			name = "[CP] Check Pods Manifest.lock";
			outputFileListPaths = (
			);
			outputPaths = (
				"$(DERIVED_FILE_DIR)/Pods-ExchangeRate-checkManifestLockResult.txt",
			);
			runOnlyForDeploymentPostprocessing = 0;
			shellPath = /bin/sh;
			shellScript = "diff \"${PODS_PODFILE_DIR_PATH}/Podfile.lock\" \"${PODS_ROOT}/Manifest.lock\" > /dev/null\nif [ $? != 0 ] ; then\n    # print error to STDERR\n    echo \"error: The sandbox is not in sync with the Podfile.lock. Run 'pod install' or update your CocoaPods installation.\" >&2\n    exit 1\nfi\n# This output is used by Xcode 'outputs' to avoid re-running this script phase.\necho \"SUCCESS\" > \"${SCRIPT_OUTPUT_FILE_0}\"\n";
			showEnvVarsInLog = 0;
		};
/* End PBXShellScriptBuildPhase section */

/* Begin PBXSourcesBuildPhase section */
		7600FD7725AEA36C00CB3265 /* Sources */ = {
			isa = PBXSourcesBuildPhase;
			buildActionMask = 2147483647;
			files = (
				7600FD8325AEA36C00CB3265 /* ViewController.swift in Sources */,
				7600FD7F25AEA36C00CB3265 /* AppDelegate.swift in Sources */,
				7600FD8125AEA36C00CB3265 /* SceneDelegate.swift in Sources */,
			);
			runOnlyForDeploymentPostprocessing = 0;
		};
		7600FD8D25AEA36F00CB3265 /* Sources */ = {
			isa = PBXSourcesBuildPhase;
			buildActionMask = 2147483647;
			files = (
				7600FD9625AEA36F00CB3265 /* ExchangeRateTests.swift in Sources */,
			);
			runOnlyForDeploymentPostprocessing = 0;
		};
		7600FD9825AEA36F00CB3265 /* Sources */ = {
			isa = PBXSourcesBuildPhase;
			buildActionMask = 2147483647;
			files = (
				7600FDA125AEA36F00CB3265 /* ExchangeRateUITests.swift in Sources */,
			);
			runOnlyForDeploymentPostprocessing = 0;
		};
/* End PBXSourcesBuildPhase section */

/* Begin PBXTargetDependency section */
		7600FD9325AEA36F00CB3265 /* PBXTargetDependency */ = {
			isa = PBXTargetDependency;
			target = 7600FD7A25AEA36C00CB3265 /* ExchangeRate */;
			targetProxy = 7600FD9225AEA36F00CB3265 /* PBXContainerItemProxy */;
		};
		7600FD9E25AEA36F00CB3265 /* PBXTargetDependency */ = {
			isa = PBXTargetDependency;
			target = 7600FD7A25AEA36C00CB3265 /* ExchangeRate */;
			targetProxy = 7600FD9D25AEA36F00CB3265 /* PBXContainerItemProxy */;
		};
/* End PBXTargetDependency section */

/* Begin PBXVariantGroup section */
		7600FD8425AEA36C00CB3265 /* Main.storyboard */ = {
			isa = PBXVariantGroup;
			children = (
				7600FD8525AEA36C00CB3265 /* Base */,
			);
			name = Main.storyboard;
			sourceTree = "<group>";
		};
		7600FD8925AEA36E00CB3265 /* LaunchScreen.storyboard */ = {
			isa = PBXVariantGroup;
			children = (
				7600FD8A25AEA36E00CB3265 /* Base */,
			);
			name = LaunchScreen.storyboard;
			sourceTree = "<group>";
		};
/* End PBXVariantGroup section */

/* Begin XCBuildConfiguration section */
		7600FDA325AEA36F00CB3265 /* Debug */ = {
			isa = XCBuildConfiguration;
			buildSettings = {
				ALWAYS_SEARCH_USER_PATHS = NO;
				CLANG_ANALYZER_NONNULL = YES;
				CLANG_ANALYZER_NUMBER_OBJECT_CONVERSION = YES_AGGRESSIVE;
				CLANG_CXX_LANGUAGE_STANDARD = "gnu++14";
				CLANG_CXX_LIBRARY = "libc++";
				CLANG_ENABLE_MODULES = YES;
				CLANG_ENABLE_OBJC_ARC = YES;
				CLANG_ENABLE_OBJC_WEAK = YES;
				CLANG_WARN_BLOCK_CAPTURE_AUTORELEASING = YES;
				CLANG_WARN_BOOL_CONVERSION = YES;
				CLANG_WARN_COMMA = YES;
				CLANG_WARN_CONSTANT_CONVERSION = YES;
				CLANG_WARN_DEPRECATED_OBJC_IMPLEMENTATIONS = YES;
				CLANG_WARN_DIRECT_OBJC_ISA_USAGE = YES_ERROR;
				CLANG_WARN_DOCUMENTATION_COMMENTS = YES;
				CLANG_WARN_EMPTY_BODY = YES;
				CLANG_WARN_ENUM_CONVERSION = YES;
				CLANG_WARN_INFINITE_RECURSION = YES;
				CLANG_WARN_INT_CONVERSION = YES;
				CLANG_WARN_NON_LITERAL_NULL_CONVERSION = YES;
				CLANG_WARN_OBJC_IMPLICIT_RETAIN_SELF = YES;
				CLANG_WARN_OBJC_LITERAL_CONVERSION = YES;
				CLANG_WARN_OBJC_ROOT_CLASS = YES_ERROR;
				CLANG_WARN_QUOTED_INCLUDE_IN_FRAMEWORK_HEADER = YES;
				CLANG_WARN_RANGE_LOOP_ANALYSIS = YES;
				CLANG_WARN_STRICT_PROTOTYPES = YES;
				CLANG_WARN_SUSPICIOUS_MOVE = YES;
				CLANG_WARN_UNGUARDED_AVAILABILITY = YES_AGGRESSIVE;
				CLANG_WARN_UNREACHABLE_CODE = YES;
				CLANG_WARN__DUPLICATE_METHOD_MATCH = YES;
				COPY_PHASE_STRIP = NO;
				DEBUG_INFORMATION_FORMAT = dwarf;
				ENABLE_STRICT_OBJC_MSGSEND = YES;
				ENABLE_TESTABILITY = YES;
				GCC_C_LANGUAGE_STANDARD = gnu11;
				GCC_DYNAMIC_NO_PIC = NO;
				GCC_NO_COMMON_BLOCKS = YES;
				GCC_OPTIMIZATION_LEVEL = 0;
				GCC_PREPROCESSOR_DEFINITIONS = (
					"DEBUG=1",
					"$(inherited)",
				);
				GCC_WARN_64_TO_32_BIT_CONVERSION = YES;
				GCC_WARN_ABOUT_RETURN_TYPE = YES_ERROR;
				GCC_WARN_UNDECLARED_SELECTOR = YES;
				GCC_WARN_UNINITIALIZED_AUTOS = YES_AGGRESSIVE;
				GCC_WARN_UNUSED_FUNCTION = YES;
				GCC_WARN_UNUSED_VARIABLE = YES;
				IPHONEOS_DEPLOYMENT_TARGET = 14.3;
				MTL_ENABLE_DEBUG_INFO = INCLUDE_SOURCE;
				MTL_FAST_MATH = YES;
				ONLY_ACTIVE_ARCH = YES;
				SDKROOT = iphoneos;
				SWIFT_ACTIVE_COMPILATION_CONDITIONS = DEBUG;
				SWIFT_OPTIMIZATION_LEVEL = "-Onone";
			};
			name = Debug;
		};
		7600FDA425AEA36F00CB3265 /* Release */ = {
			isa = XCBuildConfiguration;
			buildSettings = {
				ALWAYS_SEARCH_USER_PATHS = NO;
				CLANG_ANALYZER_NONNULL = YES;
				CLANG_ANALYZER_NUMBER_OBJECT_CONVERSION = YES_AGGRESSIVE;
				CLANG_CXX_LANGUAGE_STANDARD = "gnu++14";
				CLANG_CXX_LIBRARY = "libc++";
				CLANG_ENABLE_MODULES = YES;
				CLANG_ENABLE_OBJC_ARC = YES;
				CLANG_ENABLE_OBJC_WEAK = YES;
				CLANG_WARN_BLOCK_CAPTURE_AUTORELEASING = YES;
				CLANG_WARN_BOOL_CONVERSION = YES;
				CLANG_WARN_COMMA = YES;
				CLANG_WARN_CONSTANT_CONVERSION = YES;
				CLANG_WARN_DEPRECATED_OBJC_IMPLEMENTATIONS = YES;
				CLANG_WARN_DIRECT_OBJC_ISA_USAGE = YES_ERROR;
				CLANG_WARN_DOCUMENTATION_COMMENTS = YES;
				CLANG_WARN_EMPTY_BODY = YES;
				CLANG_WARN_ENUM_CONVERSION = YES;
				CLANG_WARN_INFINITE_RECURSION = YES;
				CLANG_WARN_INT_CONVERSION = YES;
				CLANG_WARN_NON_LITERAL_NULL_CONVERSION = YES;
				CLANG_WARN_OBJC_IMPLICIT_RETAIN_SELF = YES;
				CLANG_WARN_OBJC_LITERAL_CONVERSION = YES;
				CLANG_WARN_OBJC_ROOT_CLASS = YES_ERROR;
				CLANG_WARN_QUOTED_INCLUDE_IN_FRAMEWORK_HEADER = YES;
				CLANG_WARN_RANGE_LOOP_ANALYSIS = YES;
				CLANG_WARN_STRICT_PROTOTYPES = YES;
				CLANG_WARN_SUSPICIOUS_MOVE = YES;
				CLANG_WARN_UNGUARDED_AVAILABILITY = YES_AGGRESSIVE;
				CLANG_WARN_UNREACHABLE_CODE = YES;
				CLANG_WARN__DUPLICATE_METHOD_MATCH = YES;
				COPY_PHASE_STRIP = NO;
				DEBUG_INFORMATION_FORMAT = "dwarf-with-dsym";
				ENABLE_NS_ASSERTIONS = NO;
				ENABLE_STRICT_OBJC_MSGSEND = YES;
				GCC_C_LANGUAGE_STANDARD = gnu11;
				GCC_NO_COMMON_BLOCKS = YES;
				GCC_WARN_64_TO_32_BIT_CONVERSION = YES;
				GCC_WARN_ABOUT_RETURN_TYPE = YES_ERROR;
				GCC_WARN_UNDECLARED_SELECTOR = YES;
				GCC_WARN_UNINITIALIZED_AUTOS = YES_AGGRESSIVE;
				GCC_WARN_UNUSED_FUNCTION = YES;
				GCC_WARN_UNUSED_VARIABLE = YES;
				IPHONEOS_DEPLOYMENT_TARGET = 14.3;
				MTL_ENABLE_DEBUG_INFO = NO;
				MTL_FAST_MATH = YES;
				SDKROOT = iphoneos;
				SWIFT_COMPILATION_MODE = wholemodule;
				SWIFT_OPTIMIZATION_LEVEL = "-O";
				VALIDATE_PRODUCT = YES;
			};
			name = Release;
		};
		7600FDA625AEA36F00CB3265 /* Debug */ = {
			isa = XCBuildConfiguration;
			baseConfigurationReference = D1F5F17C6AF22CA6D70D4845 /* Pods-ExchangeRate.debug.xcconfig */;
			buildSettings = {
				ASSETCATALOG_COMPILER_APPICON_NAME = AppIcon;
				ASSETCATALOG_COMPILER_GLOBAL_ACCENT_COLOR_NAME = AccentColor;
				CODE_SIGN_STYLE = Automatic;
				DEVELOPMENT_TEAM = P9MW78T4QB;
				INFOPLIST_FILE = ExchangeRate/Info.plist;
				LD_RUNPATH_SEARCH_PATHS = (
					"$(inherited)",
					"@executable_path/Frameworks",
				);
				PRODUCT_BUNDLE_IDENTIFIER = com.ExchangeRate;
				PRODUCT_NAME = "$(TARGET_NAME)";
				SWIFT_VERSION = 5.0;
				TARGETED_DEVICE_FAMILY = "1,2";
			};
			name = Debug;
		};
		7600FDA725AEA36F00CB3265 /* Release */ = {
			isa = XCBuildConfiguration;
			baseConfigurationReference = BDC4CB16B61AC94B487848FD /* Pods-ExchangeRate.release.xcconfig */;
			buildSettings = {
				ASSETCATALOG_COMPILER_APPICON_NAME = AppIcon;
				ASSETCATALOG_COMPILER_GLOBAL_ACCENT_COLOR_NAME = AccentColor;
				CODE_SIGN_STYLE = Automatic;
				DEVELOPMENT_TEAM = P9MW78T4QB;
				INFOPLIST_FILE = ExchangeRate/Info.plist;
				LD_RUNPATH_SEARCH_PATHS = (
					"$(inherited)",
					"@executable_path/Frameworks",
				);
				PRODUCT_BUNDLE_IDENTIFIER = com.ExchangeRate;
				PRODUCT_NAME = "$(TARGET_NAME)";
				SWIFT_VERSION = 5.0;
				TARGETED_DEVICE_FAMILY = "1,2";
			};
			name = Release;
		};
		7600FDA925AEA36F00CB3265 /* Debug */ = {
			isa = XCBuildConfiguration;
			baseConfigurationReference = 54C9CB38B523DFA3CFC32E18 /* Pods-ExchangeRateTests.debug.xcconfig */;
			buildSettings = {
				ALWAYS_EMBED_SWIFT_STANDARD_LIBRARIES = YES;
				BUNDLE_LOADER = "$(TEST_HOST)";
				CODE_SIGN_STYLE = Automatic;
				DEVELOPMENT_TEAM = P9MW78T4QB;
				INFOPLIST_FILE = ExchangeRateTests/Info.plist;
				IPHONEOS_DEPLOYMENT_TARGET = 14.3;
				LD_RUNPATH_SEARCH_PATHS = (
					"$(inherited)",
					"@executable_path/Frameworks",
					"@loader_path/Frameworks",
				);
				PRODUCT_BUNDLE_IDENTIFIER = com.ExchangeRateTests;
				PRODUCT_NAME = "$(TARGET_NAME)";
				SWIFT_VERSION = 5.0;
				TARGETED_DEVICE_FAMILY = "1,2";
				TEST_HOST = "$(BUILT_PRODUCTS_DIR)/ExchangeRate.app/ExchangeRate";
			};
			name = Debug;
		};
		7600FDAA25AEA36F00CB3265 /* Release */ = {
			isa = XCBuildConfiguration;
			baseConfigurationReference = 7BD9AA2F471668A7F1DB15FC /* Pods-ExchangeRateTests.release.xcconfig */;
			buildSettings = {
				ALWAYS_EMBED_SWIFT_STANDARD_LIBRARIES = YES;
				BUNDLE_LOADER = "$(TEST_HOST)";
				CODE_SIGN_STYLE = Automatic;
				DEVELOPMENT_TEAM = P9MW78T4QB;
				INFOPLIST_FILE = ExchangeRateTests/Info.plist;
				IPHONEOS_DEPLOYMENT_TARGET = 14.3;
				LD_RUNPATH_SEARCH_PATHS = (
					"$(inherited)",
					"@executable_path/Frameworks",
					"@loader_path/Frameworks",
				);
				PRODUCT_BUNDLE_IDENTIFIER = com.ExchangeRateTests;
				PRODUCT_NAME = "$(TARGET_NAME)";
				SWIFT_VERSION = 5.0;
				TARGETED_DEVICE_FAMILY = "1,2";
				TEST_HOST = "$(BUILT_PRODUCTS_DIR)/ExchangeRate.app/ExchangeRate";
			};
			name = Release;
		};
		7600FDAC25AEA36F00CB3265 /* Debug */ = {
			isa = XCBuildConfiguration;
			baseConfigurationReference = 87D510D634FF214CA1D9EFAD /* Pods-ExchangeRate-ExchangeRateUITests.debug.xcconfig */;
			buildSettings = {
				ALWAYS_EMBED_SWIFT_STANDARD_LIBRARIES = YES;
				CODE_SIGN_STYLE = Automatic;
				DEVELOPMENT_TEAM = P9MW78T4QB;
				INFOPLIST_FILE = ExchangeRateUITests/Info.plist;
				LD_RUNPATH_SEARCH_PATHS = (
					"$(inherited)",
					"@executable_path/Frameworks",
					"@loader_path/Frameworks",
				);
				PRODUCT_BUNDLE_IDENTIFIER = com.ExchangeRateUITests;
				PRODUCT_NAME = "$(TARGET_NAME)";
				SWIFT_VERSION = 5.0;
				TARGETED_DEVICE_FAMILY = "1,2";
				TEST_TARGET_NAME = ExchangeRate;
			};
			name = Debug;
		};
		7600FDAD25AEA36F00CB3265 /* Release */ = {
			isa = XCBuildConfiguration;
			baseConfigurationReference = F20468FB6EBA381EDB24C8A2 /* Pods-ExchangeRate-ExchangeRateUITests.release.xcconfig */;
			buildSettings = {
				ALWAYS_EMBED_SWIFT_STANDARD_LIBRARIES = YES;
				CODE_SIGN_STYLE = Automatic;
				DEVELOPMENT_TEAM = P9MW78T4QB;
				INFOPLIST_FILE = ExchangeRateUITests/Info.plist;
				LD_RUNPATH_SEARCH_PATHS = (
					"$(inherited)",
					"@executable_path/Frameworks",
					"@loader_path/Frameworks",
				);
				PRODUCT_BUNDLE_IDENTIFIER = com.ExchangeRateUITests;
				PRODUCT_NAME = "$(TARGET_NAME)";
				SWIFT_VERSION = 5.0;
				TARGETED_DEVICE_FAMILY = "1,2";
				TEST_TARGET_NAME = ExchangeRate;
			};
			name = Release;
		};
/* End XCBuildConfiguration section */

/* Begin XCConfigurationList section */
		7600FD7625AEA36C00CB3265 /* Build configuration list for PBXProject "ExchangeRate" */ = {
			isa = XCConfigurationList;
			buildConfigurations = (
				7600FDA325AEA36F00CB3265 /* Debug */,
				7600FDA425AEA36F00CB3265 /* Release */,
			);
			defaultConfigurationIsVisible = 0;
			defaultConfigurationName = Release;
		};
		7600FDA525AEA36F00CB3265 /* Build configuration list for PBXNativeTarget "ExchangeRate" */ = {
			isa = XCConfigurationList;
			buildConfigurations = (
				7600FDA625AEA36F00CB3265 /* Debug */,
				7600FDA725AEA36F00CB3265 /* Release */,
			);
			defaultConfigurationIsVisible = 0;
			defaultConfigurationName = Release;
		};
		7600FDA825AEA36F00CB3265 /* Build configuration list for PBXNativeTarget "ExchangeRateTests" */ = {
			isa = XCConfigurationList;
			buildConfigurations = (
				7600FDA925AEA36F00CB3265 /* Debug */,
				7600FDAA25AEA36F00CB3265 /* Release */,
			);
			defaultConfigurationIsVisible = 0;
			defaultConfigurationName = Release;
		};
		7600FDAB25AEA36F00CB3265 /* Build configuration list for PBXNativeTarget "ExchangeRateUITests" */ = {
			isa = XCConfigurationList;
			buildConfigurations = (
				7600FDAC25AEA36F00CB3265 /* Debug */,
				7600FDAD25AEA36F00CB3265 /* Release */,
			);
			defaultConfigurationIsVisible = 0;
			defaultConfigurationName = Release;
		};
/* End XCConfigurationList section */
	};
	rootObject = 7600FD7325AEA36C00CB3265 /* Project object */;
}
